
Microsoft Visual Studio Solution File, Format Version 12.00
# Visual Studio Version 17
VisualStudioVersion = 17.9.34616.47
MinimumVisualStudioVersion = 10.0.40219.1
Project("{9A19103F-16F7-4668-BE54-9A1E7A4F7556}") = "Bookify.Domain", "Bookify.Domain\Bookify.Domain.csproj", "{56E6FA10-60DC-4250-8361-7F40237A4429}"
EndProject
Project("{FAE04EC0-301F-11D3-BF4B-00C04F79EFBC}") = "Bookify.Application", "Bookify.Application\Bookify.Application.csproj", "{3E457738-5AC6-4179-B79C-2DAA6BBD2680}"
EndProject
Global
	GlobalSection(SolutionConfigurationPlatforms) = preSolution
		Debug|Any CPU = Debug|Any CPU
		Release|Any CPU = Release|Any CPU
	EndGlobalSection
	GlobalSection(ProjectConfigurationPlatforms) = postSolution
		{56E6FA10-60DC-4250-8361-7F40237A4429}.Debug|Any CPU.ActiveCfg = Debug|Any CPU
		{56E6FA10-60DC-4250-8361-7F40237A4429}.Debug|Any CPU.Build.0 = Debug|Any CPU
		{56E6FA10-60DC-4250-8361-7F40237A4429}.Release|Any CPU.ActiveCfg = Release|Any CPU
		{56E6FA10-60DC-4250-8361-7F40237A4429}.Release|Any CPU.Build.0 = Release|Any CPU
		{3E457738-5AC6-4179-B79C-2DAA6BBD2680}.Debug|Any CPU.ActiveCfg = Debug|Any CPU
		{3E457738-5AC6-4179-B79C-2DAA6BBD2680}.Debug|Any CPU.Build.0 = Debug|Any CPU
		{3E457738-5AC6-4179-B79C-2DAA6BBD2680}.Release|Any CPU.ActiveCfg = Release|Any CPU
		{3E457738-5AC6-4179-B79C-2DAA6BBD2680}.Release|Any CPU.Build.0 = Release|Any CPU
	EndGlobalSection
	GlobalSection(SolutionProperties) = preSolution
		HideSolutionNode = FALSE
	EndGlobalSection
	GlobalSection(ExtensibilityGlobals) = postSolution
		SolutionGuid = {DAEB994A-15F6-4595-A464-867706375827}
	EndGlobalSection
EndGlobal
